// !$*UTF8*$!
{
	archiveVersion = 1;
	classes = {
	};
	objectVersion = 56;
	objects = {

/* Begin PBXBuildFile section */
		67BC29B4F53D47099A1F8CE6 /* PreferencesWindowControllerTests.swift in Sources */ = {isa = PBXBuildFile; fileRef = 67BC29B4F53D47099A1F8CF6 /* PreferencesWindowControllerTests.swift */; };
		693A8D8E0EA037F3E2904EBA /* LoginItemService.swift in Sources */ = {isa = PBXBuildFile; fileRef = 3B41FD7901C6D275BD8E8930 /* LoginItemService.swift */; };
		7C5B773B38260B26EE5408CB /* LoginItemServiceTests.swift in Sources */ = {isa = PBXBuildFile; fileRef = 7AC7096C6294AB815F65C52B /* LoginItemServiceTests.swift */; };
		A1000001229A0001 /* KlaxonApp.swift in Sources */ = {isa = PBXBuildFile; fileRef = A1000011229A0001 /* KlaxonApp.swift */; };
		A1000002229A0001 /* AppDelegate.swift in Sources */ = {isa = PBXBuildFile; fileRef = A1000012229A0001 /* AppDelegate.swift */; };
		A1000003229A0001 /* CalendarService.swift in Sources */ = {isa = PBXBuildFile; fileRef = A1000013229A0001 /* CalendarService.swift */; };
		A1000004229A0001 /* AlertWindowController.swift in Sources */ = {isa = PBXBuildFile; fileRef = A1000014229A0001 /* AlertWindowController.swift */; };
		A1000005229A0001 /* EventKit.framework in Frameworks */ = {isa = PBXBuildFile; fileRef = A1000021229A0001 /* EventKit.framework */; };
		A1000006229A0001 /* Assets.xcassets in Resources */ = {isa = PBXBuildFile; fileRef = A1000016229A0001 /* Assets.xcassets */; };
		A1000007229A0001 /* PreferencesWindowController.swift in Sources */ = {isa = PBXBuildFile; fileRef = A1000017229A0001 /* PreferencesWindowController.swift */; };
		A1000008229A0001 /* Preferences.swift in Sources */ = {isa = PBXBuildFile; fileRef = A1000018229A0001 /* Preferences.swift */; };
		A1000009229A0001 /* fire-alarm-bell.mp3 in Resources */ = {isa = PBXBuildFile; fileRef = A1000019229A0001 /* fire-alarm-bell.mp3 */; };
		A100000A229A0001 /* AboutWindowController.swift in Sources */ = {isa = PBXBuildFile; fileRef = A100001A229A0001 /* AboutWindowController.swift */; };
		A100000B229A0001 /* mixkit-alarm-tone.mp3 in Resources */ = {isa = PBXBuildFile; fileRef = A100001B229A0001 /* mixkit-alarm-tone.mp3 */; };
		A100000C229A0001 /* mixkit-alert-bells-echo.mp3 in Resources */ = {isa = PBXBuildFile; fileRef = A100001C229A0001 /* mixkit-alert-bells-echo.mp3 */; };
		A100000D229A0001 /* mixkit-battleship-alarm.mp3 in Resources */ = {isa = PBXBuildFile; fileRef = A100001D229A0001 /* mixkit-battleship-alarm.mp3 */; };
		A100000E229A0001 /* mixkit-classic-short-alarm.mp3 in Resources */ = {isa = PBXBuildFile; fileRef = A100001E229A0001 /* mixkit-classic-short-alarm.mp3 */; };
		A100000F229A0001 /* mixkit-urgent-simple-tone.mp3 in Resources */ = {isa = PBXBuildFile; fileRef = A100001F229A0001 /* mixkit-urgent-simple-tone.mp3 */; };
		A1000010229A0001 /* mixkit-warning-alarm-buzzer.mp3 in Resources */ = {isa = PBXBuildFile; fileRef = A1000020229A0001 /* mixkit-warning-alarm-buzzer.mp3 */; };
		A1000022229A0001 /* soundbible-air-horn.mp3 in Resources */ = {isa = PBXBuildFile; fileRef = A1000032229A0001 /* soundbible-air-horn.mp3 */; };
		A1000023229A0001 /* soundbible-red-alert.mp3 in Resources */ = {isa = PBXBuildFile; fileRef = A1000033229A0001 /* soundbible-red-alert.mp3 */; };
		A1000024229A0001 /* soundbible-school-fire-alarm.mp3 in Resources */ = {isa = PBXBuildFile; fileRef = A1000034229A0001 /* soundbible-school-fire-alarm.mp3 */; };
		A1000025229A0001 /* WelcomeWindowController.swift in Sources */ = {isa = PBXBuildFile; fileRef = A1000035229A0001 /* WelcomeWindowController.swift */; };
		A1000026229A0001 /* Localizable.strings in Resources */ = {isa = PBXBuildFile; fileRef = A1000036229A0001 /* Localizable.strings */; };
		A1000027229A0001 /* LICENSE in Resources */ = {isa = PBXBuildFile; fileRef = A10000C0229A0001 /* LICENSE */; };
		A2000001229A0001 /* CalendarAccessTests.swift in Sources */ = {isa = PBXBuildFile; fileRef = A2000011229A0001 /* CalendarAccessTests.swift */; };
		A2000002229A0001 /* AlertWindowTests.swift in Sources */ = {isa = PBXBuildFile; fileRef = A2000012229A0001 /* AlertWindowTests.swift */; };
		A2000003229A0001 /* PreferencesTests.swift in Sources */ = {isa = PBXBuildFile; fileRef = A2000013229A0001 /* PreferencesTests.swift */; };
		A2000004229A0001 /* LocalizationTests.swift in Sources */ = {isa = PBXBuildFile; fileRef = A2000014229A0001 /* LocalizationTests.swift */; };
/* End PBXBuildFile section */

/* Begin PBXContainerItemProxy section */
		A2000021229A0001 /* PBXContainerItemProxy */ = {
			isa = PBXContainerItemProxy;
			containerPortal = A1000081229A0001 /* Project object */;
			proxyType = 1;
			remoteGlobalIDString = A1000061229A0001;
			remoteInfo = Klaxon;
		};
/* End PBXContainerItemProxy section */

/* Begin PBXFileReference section */
		3B41FD7901C6D275BD8E8930 /* LoginItemService.swift */ = {isa = PBXFileReference; includeInIndex = 1; lastKnownFileType = sourcecode.swift; path = LoginItemService.swift; sourceTree = "<group>"; };
		67BC29B4F53D47099A1F8CF6 /* PreferencesWindowControllerTests.swift */ = {isa = PBXFileReference; lastKnownFileType = sourcecode.swift; path = PreferencesWindowControllerTests.swift; sourceTree = "<group>"; };
		7AC7096C6294AB815F65C52B /* LoginItemServiceTests.swift */ = {isa = PBXFileReference; includeInIndex = 1; lastKnownFileType = sourcecode.swift; path = LoginItemServiceTests.swift; sourceTree = "<group>"; };
		A1000011229A0001 /* KlaxonApp.swift */ = {isa = PBXFileReference; lastKnownFileType = sourcecode.swift; path = KlaxonApp.swift; sourceTree = "<group>"; };
		A1000012229A0001 /* AppDelegate.swift */ = {isa = PBXFileReference; lastKnownFileType = sourcecode.swift; path = AppDelegate.swift; sourceTree = "<group>"; };
		A1000013229A0001 /* CalendarService.swift */ = {isa = PBXFileReference; lastKnownFileType = sourcecode.swift; path = CalendarService.swift; sourceTree = "<group>"; };
		A1000014229A0001 /* AlertWindowController.swift */ = {isa = PBXFileReference; lastKnownFileType = sourcecode.swift; path = AlertWindowController.swift; sourceTree = "<group>"; };
		A1000015229A0001 /* Info.plist */ = {isa = PBXFileReference; lastKnownFileType = text.plist.xml; path = Info.plist; sourceTree = "<group>"; };
		A1000016229A0001 /* Assets.xcassets */ = {isa = PBXFileReference; lastKnownFileType = folder.assetcatalog; path = Assets.xcassets; sourceTree = "<group>"; };
		A1000017229A0001 /* PreferencesWindowController.swift */ = {isa = PBXFileReference; lastKnownFileType = sourcecode.swift; path = PreferencesWindowController.swift; sourceTree = "<group>"; };
		A1000018229A0001 /* Preferences.swift */ = {isa = PBXFileReference; lastKnownFileType = sourcecode.swift; path = Preferences.swift; sourceTree = "<group>"; };
		A1000019229A0001 /* fire-alarm-bell.mp3 */ = {isa = PBXFileReference; lastKnownFileType = audio.mp3; path = "fire-alarm-bell.mp3"; sourceTree = "<group>"; };
		A100001A229A0001 /* AboutWindowController.swift */ = {isa = PBXFileReference; lastKnownFileType = sourcecode.swift; path = AboutWindowController.swift; sourceTree = "<group>"; };
		A100001B229A0001 /* mixkit-alarm-tone.mp3 */ = {isa = PBXFileReference; lastKnownFileType = audio.mp3; path = "mixkit-alarm-tone.mp3"; sourceTree = "<group>"; };
		A100001C229A0001 /* mixkit-alert-bells-echo.mp3 */ = {isa = PBXFileReference; lastKnownFileType = audio.mp3; path = "mixkit-alert-bells-echo.mp3"; sourceTree = "<group>"; };
		A100001D229A0001 /* mixkit-battleship-alarm.mp3 */ = {isa = PBXFileReference; lastKnownFileType = audio.mp3; path = "mixkit-battleship-alarm.mp3"; sourceTree = "<group>"; };
		A100001E229A0001 /* mixkit-classic-short-alarm.mp3 */ = {isa = PBXFileReference; lastKnownFileType = audio.mp3; path = "mixkit-classic-short-alarm.mp3"; sourceTree = "<group>"; };
		A100001F229A0001 /* mixkit-urgent-simple-tone.mp3 */ = {isa = PBXFileReference; lastKnownFileType = audio.mp3; path = "mixkit-urgent-simple-tone.mp3"; sourceTree = "<group>"; };
		A1000020229A0001 /* mixkit-warning-alarm-buzzer.mp3 */ = {isa = PBXFileReference; lastKnownFileType = audio.mp3; path = "mixkit-warning-alarm-buzzer.mp3"; sourceTree = "<group>"; };
		A1000021229A0001 /* EventKit.framework */ = {isa = PBXFileReference; lastKnownFileType = wrapper.framework; name = EventKit.framework; path = System/Library/Frameworks/EventKit.framework; sourceTree = SDKROOT; };
		A1000031229A0001 /* Klaxon.app */ = {isa = PBXFileReference; explicitFileType = wrapper.application; includeInIndex = 0; path = Klaxon.app; sourceTree = BUILT_PRODUCTS_DIR; };
		A1000032229A0001 /* soundbible-air-horn.mp3 */ = {isa = PBXFileReference; lastKnownFileType = audio.mp3; path = "soundbible-air-horn.mp3"; sourceTree = "<group>"; };
		A1000033229A0001 /* soundbible-red-alert.mp3 */ = {isa = PBXFileReference; lastKnownFileType = audio.mp3; path = "soundbible-red-alert.mp3"; sourceTree = "<group>"; };
		A1000034229A0001 /* soundbible-school-fire-alarm.mp3 */ = {isa = PBXFileReference; lastKnownFileType = audio.mp3; path = "soundbible-school-fire-alarm.mp3"; sourceTree = "<group>"; };
		A1000035229A0001 /* WelcomeWindowController.swift */ = {isa = PBXFileReference; lastKnownFileType = sourcecode.swift; path = WelcomeWindowController.swift; sourceTree = "<group>"; };
		A1000037229A0001 /* en */ = {isa = PBXFileReference; lastKnownFileType = text.plist.strings; name = en; path = en.lproj/Localizable.strings; sourceTree = "<group>"; };
		A1000038229A0001 /* es */ = {isa = PBXFileReference; lastKnownFileType = text.plist.strings; name = es; path = es.lproj/Localizable.strings; sourceTree = "<group>"; };
		A1000039229A0001 /* fr */ = {isa = PBXFileReference; lastKnownFileType = text.plist.strings; name = fr; path = fr.lproj/Localizable.strings; sourceTree = "<group>"; };
		A100003A229A0001 /* de */ = {isa = PBXFileReference; lastKnownFileType = text.plist.strings; name = de; path = de.lproj/Localizable.strings; sourceTree = "<group>"; };
		A100003B229A0001 /* it */ = {isa = PBXFileReference; lastKnownFileType = text.plist.strings; name = it; path = it.lproj/Localizable.strings; sourceTree = "<group>"; };
		A100003C229A0001 /* pt */ = {isa = PBXFileReference; lastKnownFileType = text.plist.strings; name = pt; path = pt.lproj/Localizable.strings; sourceTree = "<group>"; };
		A100003D229A0001 /* nl */ = {isa = PBXFileReference; lastKnownFileType = text.plist.strings; name = nl; path = nl.lproj/Localizable.strings; sourceTree = "<group>"; };
		A100003E229A0001 /* ja */ = {isa = PBXFileReference; lastKnownFileType = text.plist.strings; name = ja; path = ja.lproj/Localizable.strings; sourceTree = "<group>"; };
		A100003F229A0001 /* zh-Hans */ = {isa = PBXFileReference; lastKnownFileType = text.plist.strings; name = "zh-Hans"; path = "zh-Hans.lproj/Localizable.strings"; sourceTree = "<group>"; };
		A1000040229A0001 /* ko */ = {isa = PBXFileReference; lastKnownFileType = text.plist.strings; name = ko; path = ko.lproj/Localizable.strings; sourceTree = "<group>"; };
		A1000050229A0001 /* sw */ = {isa = PBXFileReference; lastKnownFileType = text.plist.strings; name = sw; path = sw.lproj/Localizable.strings; sourceTree = "<group>"; };
		A10000A1229A0001 /* tr */ = {isa = PBXFileReference; lastKnownFileType = text.plist.strings; name = tr; path = tr.lproj/Localizable.strings; sourceTree = "<group>"; };
		A10000A2229A0001 /* el */ = {isa = PBXFileReference; lastKnownFileType = text.plist.strings; name = el; path = el.lproj/Localizable.strings; sourceTree = "<group>"; };
		A10000A4229A0001 /* ru */ = {isa = PBXFileReference; lastKnownFileType = text.plist.strings; name = ru; path = ru.lproj/Localizable.strings; sourceTree = "<group>"; };
		A10000A5229A0001 /* pl */ = {isa = PBXFileReference; lastKnownFileType = text.plist.strings; name = pl; path = pl.lproj/Localizable.strings; sourceTree = "<group>"; };
		A10000A6229A0001 /* uk */ = {isa = PBXFileReference; lastKnownFileType = text.plist.strings; name = uk; path = uk.lproj/Localizable.strings; sourceTree = "<group>"; };
		A10000A7229A0001 /* cs */ = {isa = PBXFileReference; lastKnownFileType = text.plist.strings; name = cs; path = cs.lproj/Localizable.strings; sourceTree = "<group>"; };
		A10000A8229A0001 /* sk */ = {isa = PBXFileReference; lastKnownFileType = text.plist.strings; name = sk; path = sk.lproj/Localizable.strings; sourceTree = "<group>"; };
		A10000A9229A0001 /* sr */ = {isa = PBXFileReference; lastKnownFileType = text.plist.strings; name = sr; path = sr.lproj/Localizable.strings; sourceTree = "<group>"; };
		A10000AA229A0001 /* hr */ = {isa = PBXFileReference; lastKnownFileType = text.plist.strings; name = hr; path = hr.lproj/Localizable.strings; sourceTree = "<group>"; };
		A10000AB229A0001 /* bg */ = {isa = PBXFileReference; lastKnownFileType = text.plist.strings; name = bg; path = bg.lproj/Localizable.strings; sourceTree = "<group>"; };
		A10000AC229A0001 /* vi */ = {isa = PBXFileReference; lastKnownFileType = text.plist.strings; name = vi; path = vi.lproj/Localizable.strings; sourceTree = "<group>"; };
		A10000AD229A0001 /* th */ = {isa = PBXFileReference; lastKnownFileType = text.plist.strings; name = th; path = th.lproj/Localizable.strings; sourceTree = "<group>"; };
		A10000AE229A0001 /* id */ = {isa = PBXFileReference; lastKnownFileType = text.plist.strings; name = id; path = id.lproj/Localizable.strings; sourceTree = "<group>"; };
		A10000AF229A0001 /* ms */ = {isa = PBXFileReference; lastKnownFileType = text.plist.strings; name = ms; path = ms.lproj/Localizable.strings; sourceTree = "<group>"; };
		A10000B0229A0001 /* fil */ = {isa = PBXFileReference; lastKnownFileType = text.plist.strings; name = fil; path = fil.lproj/Localizable.strings; sourceTree = "<group>"; };
		A10000B1229A0001 /* zh-Hant */ = {isa = PBXFileReference; lastKnownFileType = text.plist.strings; name = "zh-Hant"; path = "zh-Hant.lproj/Localizable.strings"; sourceTree = "<group>"; };
		A10000B2229A0001 /* ar */ = {isa = PBXFileReference; lastKnownFileType = text.plist.strings; name = ar; path = ar.lproj/Localizable.strings; sourceTree = "<group>"; };
		A10000C0229A0001 /* LICENSE */ = {isa = PBXFileReference; lastKnownFileType = text; path = LICENSE; sourceTree = SOURCE_ROOT; };
		A2000011229A0001 /* CalendarAccessTests.swift */ = {isa = PBXFileReference; lastKnownFileType = sourcecode.swift; path = CalendarAccessTests.swift; sourceTree = "<group>"; };
		A2000012229A0001 /* AlertWindowTests.swift */ = {isa = PBXFileReference; lastKnownFileType = sourcecode.swift; path = AlertWindowTests.swift; sourceTree = "<group>"; };
		A2000013229A0001 /* PreferencesTests.swift */ = {isa = PBXFileReference; lastKnownFileType = sourcecode.swift; path = PreferencesTests.swift; sourceTree = "<group>"; };
		A2000014229A0001 /* LocalizationTests.swift */ = {isa = PBXFileReference; lastKnownFileType = sourcecode.swift; path = LocalizationTests.swift; sourceTree = "<group>"; };
		A2000031229A0001 /* KlaxonTests.xctest */ = {isa = PBXFileReference; explicitFileType = wrapper.cfbundle; includeInIndex = 0; path = KlaxonTests.xctest; sourceTree = BUILT_PRODUCTS_DIR; };
/* End PBXFileReference section */

/* Begin PBXFrameworksBuildPhase section */
		A1000041229A0001 /* Frameworks */ = {
			isa = PBXFrameworksBuildPhase;
			buildActionMask = 2147483647;
			files = (
				A1000005229A0001 /* EventKit.framework in Frameworks */,
			);
			runOnlyForDeploymentPostprocessing = 0;
		};
		A2000041229A0001 /* Frameworks */ = {
			isa = PBXFrameworksBuildPhase;
			buildActionMask = 2147483647;
			files = (
			);
			runOnlyForDeploymentPostprocessing = 0;
		};
/* End PBXFrameworksBuildPhase section */

/* Begin PBXGroup section */
		A1000051229A0001 = {
			isa = PBXGroup;
			children = (
				A1000052229A0001 /* Sources */,
				A2000051229A0001 /* Tests */,
				A1000053229A0001 /* Frameworks */,
				A1000054229A0001 /* Products */,
				A10000C0229A0001 /* LICENSE */,
			);
			sourceTree = "<group>";
		};
		A1000052229A0001 /* Sources */ = {
			isa = PBXGroup;
			children = (
				A1000055229A0001 /* App */,
				A1000058229A0001 /* Models */,
				A1000056229A0001 /* Services */,
				A1000057229A0001 /* Views */,
				A1000059229A0001 /* Resources */,
				A1000016229A0001 /* Assets.xcassets */,
				A1000015229A0001 /* Info.plist */,
			);
			path = Sources;
			sourceTree = "<group>";
		};
		A1000053229A0001 /* Frameworks */ = {
			isa = PBXGroup;
			children = (
				A1000021229A0001 /* EventKit.framework */,
			);
			name = Frameworks;
			sourceTree = "<group>";
		};
		A1000054229A0001 /* Products */ = {
			isa = PBXGroup;
			children = (
				A1000031229A0001 /* Klaxon.app */,
				A2000031229A0001 /* KlaxonTests.xctest */,
			);
			name = Products;
			sourceTree = "<group>";
		};
		A1000055229A0001 /* App */ = {
			isa = PBXGroup;
			children = (
				A1000011229A0001 /* KlaxonApp.swift */,
				A1000012229A0001 /* AppDelegate.swift */,
			);
			path = App;
			sourceTree = "<group>";
		};
		A1000056229A0001 /* Services */ = {
			isa = PBXGroup;
			children = (
				A1000013229A0001 /* CalendarService.swift */,
				3B41FD7901C6D275BD8E8930 /* LoginItemService.swift */,
			);
			path = Services;
			sourceTree = "<group>";
		};
		A1000057229A0001 /* Views */ = {
			isa = PBXGroup;
			children = (
				A100001A229A0001 /* AboutWindowController.swift */,
				A1000014229A0001 /* AlertWindowController.swift */,
				A1000017229A0001 /* PreferencesWindowController.swift */,
				A1000035229A0001 /* WelcomeWindowController.swift */,
			);
			path = Views;
			sourceTree = "<group>";
		};
		A1000058229A0001 /* Models */ = {
			isa = PBXGroup;
			children = (
				A1000018229A0001 /* Preferences.swift */,
			);
			path = Models;
			sourceTree = "<group>";
		};
		A1000059229A0001 /* Resources */ = {
			isa = PBXGroup;
			children = (
				A1000036229A0001 /* Localizable.strings */,
				A1000019229A0001 /* fire-alarm-bell.mp3 */,
				A100001B229A0001 /* mixkit-alarm-tone.mp3 */,
				A100001C229A0001 /* mixkit-alert-bells-echo.mp3 */,
				A100001D229A0001 /* mixkit-battleship-alarm.mp3 */,
				A100001E229A0001 /* mixkit-classic-short-alarm.mp3 */,
				A100001F229A0001 /* mixkit-urgent-simple-tone.mp3 */,
				A1000020229A0001 /* mixkit-warning-alarm-buzzer.mp3 */,
				A1000032229A0001 /* soundbible-air-horn.mp3 */,
				A1000033229A0001 /* soundbible-red-alert.mp3 */,
				A1000034229A0001 /* soundbible-school-fire-alarm.mp3 */,
			);
			path = Resources;
			sourceTree = "<group>";
		};
		A2000051229A0001 /* Tests */ = {
			isa = PBXGroup;
			children = (
				A2000011229A0001 /* CalendarAccessTests.swift */,
				A2000012229A0001 /* AlertWindowTests.swift */,
				A2000014229A0001 /* LocalizationTests.swift */,
				A2000013229A0001 /* PreferencesTests.swift */,
				67BC29B4F53D47099A1F8CF6 /* PreferencesWindowControllerTests.swift */,
				7AC7096C6294AB815F65C52B /* LoginItemServiceTests.swift */,
			);
			path = Tests;
			sourceTree = "<group>";
		};
/* End PBXGroup section */

/* Begin PBXNativeTarget section */
		A1000061229A0001 /* Klaxon */ = {
			isa = PBXNativeTarget;
			buildConfigurationList = A1000071229A0001 /* Build configuration list for PBXNativeTarget "Klaxon" */;
			buildPhases = (
				A1000062229A0001 /* Sources */,
				A1000041229A0001 /* Frameworks */,
				A1000063229A0001 /* Resources */,
				744507FB39B29CABB0FF4CB5 /* Update Build Number */,
			);
			buildRules = (
			);
			dependencies = (
			);
			name = Klaxon;
			productName = Klaxon;
			productReference = A1000031229A0001 /* Klaxon.app */;
			productType = "com.apple.product-type.application";
		};
		A2000061229A0001 /* KlaxonTests */ = {
			isa = PBXNativeTarget;
			buildConfigurationList = A2000071229A0001 /* Build configuration list for PBXNativeTarget "KlaxonTests" */;
			buildPhases = (
				A2000062229A0001 /* Sources */,
				A2000041229A0001 /* Frameworks */,
			);
			buildRules = (
			);
			dependencies = (
				A2000022229A0001 /* PBXTargetDependency */,
			);
			name = KlaxonTests;
			productName = KlaxonTests;
			productReference = A2000031229A0001 /* KlaxonTests.xctest */;
			productType = "com.apple.product-type.bundle.unit-test";
		};
/* End PBXNativeTarget section */

/* Begin PBXProject section */
		A1000081229A0001 /* Project object */ = {
			isa = PBXProject;
			attributes = {
				BuildIndependentTargetsInParallel = 1;
				LastSwiftUpdateCheck = 1500;
				LastUpgradeCheck = 2610;
				TargetAttributes = {
					A1000061229A0001 = {
						CreatedOnToolsVersion = 15.0;
					};
					A2000061229A0001 = {
						CreatedOnToolsVersion = 15.0;
						TestTargetID = A1000061229A0001;
					};
				};
			};
			buildConfigurationList = A1000082229A0001 /* Build configuration list for PBXProject "Klaxon" */;
			compatibilityVersion = "Xcode 14.0";
			developmentRegion = en;
			hasScannedForEncodings = 0;
			knownRegions = (
				en,
				Base,
				es,
				fr,
				de,
				it,
				pt,
				nl,
				ja,
				"zh-Hans",
				ko,
				sw,
				tr,
				el,
				hy,
				ru,
				pl,
				uk,
				cs,
				sk,
				sr,
				hr,
				bg,
				vi,
				th,
				id,
				ms,
				fil,
				"zh-Hant",
				ar,
			);
			mainGroup = A1000051229A0001;
			productRefGroup = A1000054229A0001 /* Products */;
			projectDirPath = "";
			projectRoot = "";
			targets = (
				A1000061229A0001 /* Klaxon */,
				A2000061229A0001 /* KlaxonTests */,
			);
		};
/* End PBXProject section */

/* Begin PBXResourcesBuildPhase section */
		A1000063229A0001 /* Resources */ = {
			isa = PBXResourcesBuildPhase;
			buildActionMask = 2147483647;
			files = (
				A1000026229A0001 /* Localizable.strings in Resources */,
				A1000006229A0001 /* Assets.xcassets in Resources */,
				A1000009229A0001 /* fire-alarm-bell.mp3 in Resources */,
				A100000B229A0001 /* mixkit-alarm-tone.mp3 in Resources */,
				A100000C229A0001 /* mixkit-alert-bells-echo.mp3 in Resources */,
				A100000D229A0001 /* mixkit-battleship-alarm.mp3 in Resources */,
				A100000E229A0001 /* mixkit-classic-short-alarm.mp3 in Resources */,
				A100000F229A0001 /* mixkit-urgent-simple-tone.mp3 in Resources */,
				A1000010229A0001 /* mixkit-warning-alarm-buzzer.mp3 in Resources */,
				A1000022229A0001 /* soundbible-air-horn.mp3 in Resources */,
				A1000023229A0001 /* soundbible-red-alert.mp3 in Resources */,
				A1000024229A0001 /* soundbible-school-fire-alarm.mp3 in Resources */,
				A1000027229A0001 /* LICENSE in Resources */,
			);
			runOnlyForDeploymentPostprocessing = 0;
		};
/* End PBXResourcesBuildPhase section */

/* Begin PBXShellScriptBuildPhase section */
		744507FB39B29CABB0FF4CB5 /* Update Build Number */ = {
			isa = PBXShellScriptBuildPhase;
			buildActionMask = 2147483647;
			files = (
			);
			inputFileListPaths = (
			);
			inputPaths = (
			);
			name = "Update Build Number";
			outputFileListPaths = (
			);
			outputPaths = (
			);
			runOnlyForDeploymentPostprocessing = 0;
			shellPath = /bin/sh;
			shellScript = "# Set build number to git commit count\ncd \"${SRCROOT}\"\nBUILD_NUMBER=$(git rev-list --count HEAD 2>/dev/null || echo \"1\")\n/usr/libexec/PlistBuddy -c \"Set :CFBundleVersion $BUILD_NUMBER\" \"${TARGET_BUILD_DIR}/${INFOPLIST_PATH}\"\necho \"Build number set to $BUILD_NUMBER\"\n";
		};
/* End PBXShellScriptBuildPhase section */

/* Begin PBXSourcesBuildPhase section */
		A1000062229A0001 /* Sources */ = {
			isa = PBXSourcesBuildPhase;
			buildActionMask = 2147483647;
			files = (
				A1000001229A0001 /* KlaxonApp.swift in Sources */,
				A1000002229A0001 /* AppDelegate.swift in Sources */,
				A1000003229A0001 /* CalendarService.swift in Sources */,
				A1000004229A0001 /* AlertWindowController.swift in Sources */,
				A1000007229A0001 /* PreferencesWindowController.swift in Sources */,
				A1000008229A0001 /* Preferences.swift in Sources */,
				A100000A229A0001 /* AboutWindowController.swift in Sources */,
				A1000025229A0001 /* WelcomeWindowController.swift in Sources */,
				693A8D8E0EA037F3E2904EBA /* LoginItemService.swift in Sources */,
			);
			runOnlyForDeploymentPostprocessing = 0;
		};
		A2000062229A0001 /* Sources */ = {
			isa = PBXSourcesBuildPhase;
			buildActionMask = 2147483647;
			files = (
				A2000001229A0001 /* CalendarAccessTests.swift in Sources */,
				A2000002229A0001 /* AlertWindowTests.swift in Sources */,
				A2000004229A0001 /* LocalizationTests.swift in Sources */,
				A2000003229A0001 /* PreferencesTests.swift in Sources */,
				67BC29B4F53D47099A1F8CE6 /* PreferencesWindowControllerTests.swift in Sources */,
				7C5B773B38260B26EE5408CB /* LoginItemServiceTests.swift in Sources */,
			);
			runOnlyForDeploymentPostprocessing = 0;
		};
/* End PBXSourcesBuildPhase section */

/* Begin PBXTargetDependency section */
		A2000022229A0001 /* PBXTargetDependency */ = {
			isa = PBXTargetDependency;
			target = A1000061229A0001 /* Klaxon */;
			targetProxy = A2000021229A0001 /* PBXContainerItemProxy */;
		};
/* End PBXTargetDependency section */

/* Begin PBXVariantGroup section */
		A1000036229A0001 /* Localizable.strings */ = {
			isa = PBXVariantGroup;
			children = (
				A1000037229A0001 /* en */,
				A1000038229A0001 /* es */,
				A1000039229A0001 /* fr */,
				A100003A229A0001 /* de */,
				A100003B229A0001 /* it */,
				A100003C229A0001 /* pt */,
				A100003D229A0001 /* nl */,
				A100003E229A0001 /* ja */,
				A100003F229A0001 /* zh-Hans */,
				A1000040229A0001 /* ko */,
				A1000050229A0001 /* sw */,
				A10000A1229A0001 /* tr */,
				A10000A2229A0001 /* el */,
				A10000A4229A0001 /* ru */,
				A10000A5229A0001 /* pl */,
				A10000A6229A0001 /* uk */,
				A10000A7229A0001 /* cs */,
				A10000A8229A0001 /* sk */,
				A10000A9229A0001 /* sr */,
				A10000AA229A0001 /* hr */,
				A10000AB229A0001 /* bg */,
				A10000AC229A0001 /* vi */,
				A10000AD229A0001 /* th */,
				A10000AE229A0001 /* id */,
				A10000AF229A0001 /* ms */,
				A10000B0229A0001 /* fil */,
				A10000B1229A0001 /* zh-Hant */,
				A10000B2229A0001 /* ar */,
			);
			name = Localizable.strings;
			sourceTree = "<group>";
		};
/* End PBXVariantGroup section */

/* Begin XCBuildConfiguration section */
		A1000091229A0001 /* Debug */ = {
			isa = XCBuildConfiguration;
			buildSettings = {
				ALWAYS_SEARCH_USER_PATHS = NO;
				ASSETCATALOG_COMPILER_GENERATE_SWIFT_ASSET_SYMBOL_EXTENSIONS = YES;
				CLANG_ANALYZER_NONNULL = YES;
				CLANG_ANALYZER_NUMBER_OBJECT_CONVERSION = YES_AGGRESSIVE;
				CLANG_CXX_LANGUAGE_STANDARD = "gnu++20";
				CLANG_ENABLE_MODULES = YES;
				CLANG_ENABLE_OBJC_ARC = YES;
				CLANG_ENABLE_OBJC_WEAK = YES;
				CLANG_WARN_BLOCK_CAPTURE_AUTORELEASING = YES;
				CLANG_WARN_BOOL_CONVERSION = YES;
				CLANG_WARN_COMMA = YES;
				CLANG_WARN_CONSTANT_CONVERSION = YES;
				CLANG_WARN_DEPRECATED_OBJC_IMPLEMENTATIONS = YES;
				CLANG_WARN_DIRECT_OBJC_ISA_USAGE = YES_ERROR;
				CLANG_WARN_DOCUMENTATION_COMMENTS = YES;
				CLANG_WARN_EMPTY_BODY = YES;
				CLANG_WARN_ENUM_CONVERSION = YES;
				CLANG_WARN_INFINITE_RECURSION = YES;
				CLANG_WARN_INT_CONVERSION = YES;
				CLANG_WARN_NON_LITERAL_NULL_CONVERSION = YES;
				CLANG_WARN_OBJC_IMPLICIT_RETAIN_SELF = YES;
				CLANG_WARN_OBJC_LITERAL_CONVERSION = YES;
				CLANG_WARN_OBJC_ROOT_CLASS = YES_ERROR;
				CLANG_WARN_QUOTED_INCLUDE_IN_FRAMEWORK_HEADER = YES;
				CLANG_WARN_RANGE_LOOP_ANALYSIS = YES;
				CLANG_WARN_STRICT_PROTOTYPES = YES;
				CLANG_WARN_SUSPICIOUS_MOVE = YES;
				CLANG_WARN_UNGUARDED_AVAILABILITY = YES_AGGRESSIVE;
				CLANG_WARN_UNREACHABLE_CODE = YES;
				CLANG_WARN__DUPLICATE_METHOD_MATCH = YES;
				COPY_PHASE_STRIP = NO;
				DEAD_CODE_STRIPPING = YES;
				DEBUG_INFORMATION_FORMAT = dwarf;
				ENABLE_STRICT_OBJC_MSGSEND = YES;
				ENABLE_TESTABILITY = YES;
				ENABLE_USER_SCRIPT_SANDBOXING = YES;
				GCC_C_LANGUAGE_STANDARD = gnu17;
				GCC_DYNAMIC_NO_PIC = NO;
				GCC_NO_COMMON_BLOCKS = YES;
				GCC_OPTIMIZATION_LEVEL = 0;
				GCC_PREPROCESSOR_DEFINITIONS = (
					"DEBUG=1",
					"$(inherited)",
				);
				GCC_WARN_64_TO_32_BIT_CONVERSION = YES;
				GCC_WARN_ABOUT_RETURN_TYPE = YES_ERROR;
				GCC_WARN_UNDECLARED_SELECTOR = YES;
				GCC_WARN_UNINITIALIZED_AUTOS = YES_AGGRESSIVE;
				GCC_WARN_UNUSED_FUNCTION = YES;
				GCC_WARN_UNUSED_VARIABLE = YES;
				MACOSX_DEPLOYMENT_TARGET = 13.0;
				MTL_ENABLE_DEBUG_INFO = INCLUDE_SOURCE;
				MTL_FAST_MATH = YES;
				ONLY_ACTIVE_ARCH = YES;
				SDKROOT = macosx;
				STRING_CATALOG_GENERATE_SYMBOLS = YES;
				SWIFT_ACTIVE_COMPILATION_CONDITIONS = "DEBUG $(inherited)";
				SWIFT_OPTIMIZATION_LEVEL = "-Onone";
			};
			name = Debug;
		};
		A1000092229A0001 /* Release */ = {
			isa = XCBuildConfiguration;
			buildSettings = {
				ALWAYS_SEARCH_USER_PATHS = NO;
				ASSETCATALOG_COMPILER_GENERATE_SWIFT_ASSET_SYMBOL_EXTENSIONS = YES;
				CLANG_ANALYZER_NONNULL = YES;
				CLANG_ANALYZER_NUMBER_OBJECT_CONVERSION = YES_AGGRESSIVE;
				CLANG_CXX_LANGUAGE_STANDARD = "gnu++20";
				CLANG_ENABLE_MODULES = YES;
				CLANG_ENABLE_OBJC_ARC = YES;
				CLANG_ENABLE_OBJC_WEAK = YES;
				CLANG_WARN_BLOCK_CAPTURE_AUTORELEASING = YES;
				CLANG_WARN_BOOL_CONVERSION = YES;
				CLANG_WARN_COMMA = YES;
				CLANG_WARN_CONSTANT_CONVERSION = YES;
				CLANG_WARN_DEPRECATED_OBJC_IMPLEMENTATIONS = YES;
				CLANG_WARN_DIRECT_OBJC_ISA_USAGE = YES_ERROR;
				CLANG_WARN_DOCUMENTATION_COMMENTS = YES;
				CLANG_WARN_EMPTY_BODY = YES;
				CLANG_WARN_ENUM_CONVERSION = YES;
				CLANG_WARN_INFINITE_RECURSION = YES;
				CLANG_WARN_INT_CONVERSION = YES;
				CLANG_WARN_NON_LITERAL_NULL_CONVERSION = YES;
				CLANG_WARN_OBJC_IMPLICIT_RETAIN_SELF = YES;
				CLANG_WARN_OBJC_LITERAL_CONVERSION = YES;
				CLANG_WARN_OBJC_ROOT_CLASS = YES_ERROR;
				CLANG_WARN_QUOTED_INCLUDE_IN_FRAMEWORK_HEADER = YES;
				CLANG_WARN_RANGE_LOOP_ANALYSIS = YES;
				CLANG_WARN_STRICT_PROTOTYPES = YES;
				CLANG_WARN_SUSPICIOUS_MOVE = YES;
				CLANG_WARN_UNGUARDED_AVAILABILITY = YES_AGGRESSIVE;
				CLANG_WARN_UNREACHABLE_CODE = YES;
				CLANG_WARN__DUPLICATE_METHOD_MATCH = YES;
				COPY_PHASE_STRIP = NO;
				DEAD_CODE_STRIPPING = YES;
				DEBUG_INFORMATION_FORMAT = "dwarf-with-dsym";
				ENABLE_NS_ASSERTIONS = NO;
				ENABLE_STRICT_OBJC_MSGSEND = YES;
				ENABLE_USER_SCRIPT_SANDBOXING = YES;
				GCC_C_LANGUAGE_STANDARD = gnu17;
				GCC_NO_COMMON_BLOCKS = YES;
				GCC_WARN_64_TO_32_BIT_CONVERSION = YES;
				GCC_WARN_ABOUT_RETURN_TYPE = YES_ERROR;
				GCC_WARN_UNDECLARED_SELECTOR = YES;
				GCC_WARN_UNINITIALIZED_AUTOS = YES_AGGRESSIVE;
				GCC_WARN_UNUSED_FUNCTION = YES;
				GCC_WARN_UNUSED_VARIABLE = YES;
				MACOSX_DEPLOYMENT_TARGET = 13.0;
				MTL_ENABLE_DEBUG_INFO = NO;
				MTL_FAST_MATH = YES;
				SDKROOT = macosx;
				STRING_CATALOG_GENERATE_SYMBOLS = YES;
				SWIFT_COMPILATION_MODE = wholemodule;
			};
			name = Release;
		};
		A1000093229A0001 /* Debug */ = {
			isa = XCBuildConfiguration;
			buildSettings = {
				ASSETCATALOG_COMPILER_APPICON_NAME = AppIcon;
				CODE_SIGN_ENTITLEMENTS = Sources/Klaxon.entitlements;
				CODE_SIGN_STYLE = Automatic;
				COMBINE_HIDPI_IMAGES = YES;
				CURRENT_PROJECT_VERSION = 1;
				DEAD_CODE_STRIPPING = YES;
				DEVELOPMENT_TEAM = 453G4TFLMD;
				ENABLE_USER_SCRIPT_SANDBOXING = NO;
				GENERATE_INFOPLIST_FILE = NO;
				INFOPLIST_FILE = Sources/Info.plist;
				INFOPLIST_KEY_NSHumanReadableCopyright = "";
				INFOPLIST_KEY_NSPrincipalClass = NSApplication;
				LD_RUNPATH_SEARCH_PATHS = (
					"$(inherited)",
					"@executable_path/../Frameworks",
				);
				MARKETING_VERSION = 1.0.1;
				PRODUCT_BUNDLE_IDENTIFIER = nyc.welles.Klaxon;
				PRODUCT_NAME = "$(TARGET_NAME)";
				SWIFT_EMIT_LOC_STRINGS = YES;
				SWIFT_VERSION = 5.0;
			};
			name = Debug;
		};
		A1000094229A0001 /* Release */ = {
			isa = XCBuildConfiguration;
			buildSettings = {
				ASSETCATALOG_COMPILER_APPICON_NAME = AppIcon;
				CODE_SIGN_ENTITLEMENTS = Sources/Klaxon.entitlements;
				CODE_SIGN_STYLE = Automatic;
				COMBINE_HIDPI_IMAGES = YES;
				CURRENT_PROJECT_VERSION = 1;
				DEAD_CODE_STRIPPING = YES;
				DEVELOPMENT_TEAM = 453G4TFLMD;
				ENABLE_USER_SCRIPT_SANDBOXING = NO;
				GENERATE_INFOPLIST_FILE = NO;
				INFOPLIST_FILE = Sources/Info.plist;
				INFOPLIST_KEY_NSHumanReadableCopyright = "";
				INFOPLIST_KEY_NSPrincipalClass = NSApplication;
				LD_RUNPATH_SEARCH_PATHS = (
					"$(inherited)",
					"@executable_path/../Frameworks",
				);
				MARKETING_VERSION = 1.0.1;
				PRODUCT_BUNDLE_IDENTIFIER = nyc.welles.Klaxon;
				PRODUCT_NAME = "$(TARGET_NAME)";
				SWIFT_EMIT_LOC_STRINGS = YES;
				SWIFT_VERSION = 5.0;
			};
			name = Release;
		};
		A2000093229A0001 /* Debug */ = {
			isa = XCBuildConfiguration;
			buildSettings = {
				BUNDLE_LOADER = "$(TEST_HOST)";
				CODE_SIGN_STYLE = Automatic;
				CURRENT_PROJECT_VERSION = 1;
				DEAD_CODE_STRIPPING = YES;
				DEVELOPMENT_TEAM = 453G4TFLMD;
				GENERATE_INFOPLIST_FILE = YES;
				MACOSX_DEPLOYMENT_TARGET = 13.0;
				MARKETING_VERSION = 1.0.1;
				PRODUCT_BUNDLE_IDENTIFIER = com.klaxon.app.tests;
				PRODUCT_NAME = "$(TARGET_NAME)";
				SWIFT_EMIT_LOC_STRINGS = NO;
				SWIFT_VERSION = 5.0;
				TEST_HOST = "$(BUILT_PRODUCTS_DIR)/Klaxon.app/Contents/MacOS/Klaxon";
			};
			name = Debug;
		};
		A2000094229A0001 /* Release */ = {
			isa = XCBuildConfiguration;
			buildSettings = {
				BUNDLE_LOADER = "$(TEST_HOST)";
				CODE_SIGN_STYLE = Automatic;
				CURRENT_PROJECT_VERSION = 1;
				DEAD_CODE_STRIPPING = YES;
				DEVELOPMENT_TEAM = 453G4TFLMD;
				GENERATE_INFOPLIST_FILE = YES;
				MACOSX_DEPLOYMENT_TARGET = 13.0;
				MARKETING_VERSION = 1.0.1;
				PRODUCT_BUNDLE_IDENTIFIER = com.klaxon.app.tests;
				PRODUCT_NAME = "$(TARGET_NAME)";
				SWIFT_EMIT_LOC_STRINGS = NO;
				SWIFT_VERSION = 5.0;
				TEST_HOST = "$(BUILT_PRODUCTS_DIR)/Klaxon.app/Contents/MacOS/Klaxon";
			};
			name = Release;
		};
/* End XCBuildConfiguration section */

/* Begin XCConfigurationList section */
		A1000071229A0001 /* Build configuration list for PBXNativeTarget "Klaxon" */ = {
			isa = XCConfigurationList;
			buildConfigurations = (
				A1000093229A0001 /* Debug */,
				A1000094229A0001 /* Release */,
			);
			defaultConfigurationIsVisible = 0;
			defaultConfigurationName = Release;
		};
		A1000082229A0001 /* Build configuration list for PBXProject "Klaxon" */ = {
			isa = XCConfigurationList;
			buildConfigurations = (
				A1000091229A0001 /* Debug */,
				A1000092229A0001 /* Release */,
			);
			defaultConfigurationIsVisible = 0;
			defaultConfigurationName = Release;
		};
		A2000071229A0001 /* Build configuration list for PBXNativeTarget "KlaxonTests" */ = {
			isa = XCConfigurationList;
			buildConfigurations = (
				A2000093229A0001 /* Debug */,
				A2000094229A0001 /* Release */,
			);
			defaultConfigurationIsVisible = 0;
			defaultConfigurationName = Release;
		};
/* End XCConfigurationList section */
	};
	rootObject = A1000081229A0001 /* Project object */;
}
